
Microsoft Visual Studio Solution File, Format Version 12.00
# Visual Studio Version 16
VisualStudioVersion = 16.0.30907.101
MinimumVisualStudioVersion = 10.0.40219.1
Project("{9A19103F-16F7-4668-BE54-9A1E7A4F7556}") = "KampIntro", "KampIntro\KampIntro.csproj", "{BA91F681-66DD-422C-902C-5780B47C0976}"
EndProject
Project("{9A19103F-16F7-4668-BE54-9A1E7A4F7556}") = "ClassIntro", "ClassIntro\ClassIntro.csproj", "{5620389F-4678-41C7-BE00-6F8783B6BA54}"
EndProject
Project("{9A19103F-16F7-4668-BE54-9A1E7A4F7556}") = "MethodsIntro", "MethodsIntro\MethodsIntro.csproj", "{BC5CD6C2-21DD-4641-811E-D130B6E9EA16}"
EndProject
Project("{9A19103F-16F7-4668-BE54-9A1E7A4F7556}") = "Matematik", "Matematik\Matematik.csproj", "{FA1A45A4-A98F-4F49-B682-61AA973227A8}"
EndProject
Project("{FAE04EC0-301F-11D3-BF4B-00C04F79EFBC}") = "DegerVeReferansTipler", "DegerVeReferansTipler\DegerVeReferansTipler.csproj", "{B1CE3F08-60AD-4A02-B69E-9A37101698D3}"
EndProject
Global
	GlobalSection(SolutionConfigurationPlatforms) = preSolution
		Debug|Any CPU = Debug|Any CPU
		Release|Any CPU = Release|Any CPU
	EndGlobalSection
	GlobalSection(ProjectConfigurationPlatforms) = postSolution
		{BA91F681-66DD-422C-902C-5780B47C0976}.Debug|Any CPU.ActiveCfg = Debug|Any CPU
		{BA91F681-66DD-422C-902C-5780B47C0976}.Debug|Any CPU.Build.0 = Debug|Any CPU
		{BA91F681-66DD-422C-902C-5780B47C0976}.Release|Any CPU.ActiveCfg = Release|Any CPU
		{BA91F681-66DD-422C-902C-5780B47C0976}.Release|Any CPU.Build.0 = Release|Any CPU
		{5620389F-4678-41C7-BE00-6F8783B6BA54}.Debug|Any CPU.ActiveCfg = Debug|Any CPU
		{5620389F-4678-41C7-BE00-6F8783B6BA54}.Debug|Any CPU.Build.0 = Debug|Any CPU
		{5620389F-4678-41C7-BE00-6F8783B6BA54}.Release|Any CPU.ActiveCfg = Release|Any CPU
		{5620389F-4678-41C7-BE00-6F8783B6BA54}.Release|Any CPU.Build.0 = Release|Any CPU
		{BC5CD6C2-21DD-4641-811E-D130B6E9EA16}.Debug|Any CPU.ActiveCfg = Debug|Any CPU
		{BC5CD6C2-21DD-4641-811E-D130B6E9EA16}.Debug|Any CPU.Build.0 = Debug|Any CPU
		{BC5CD6C2-21DD-4641-811E-D130B6E9EA16}.Release|Any CPU.ActiveCfg = Release|Any CPU
		{BC5CD6C2-21DD-4641-811E-D130B6E9EA16}.Release|Any CPU.Build.0 = Release|Any CPU
		{FA1A45A4-A98F-4F49-B682-61AA973227A8}.Debug|Any CPU.ActiveCfg = Debug|Any CPU
		{FA1A45A4-A98F-4F49-B682-61AA973227A8}.Debug|Any CPU.Build.0 = Debug|Any CPU
		{FA1A45A4-A98F-4F49-B682-61AA973227A8}.Release|Any CPU.ActiveCfg = Release|Any CPU
		{FA1A45A4-A98F-4F49-B682-61AA973227A8}.Release|Any CPU.Build.0 = Release|Any CPU
		{B1CE3F08-60AD-4A02-B69E-9A37101698D3}.Debug|Any CPU.ActiveCfg = Debug|Any CPU
		{B1CE3F08-60AD-4A02-B69E-9A37101698D3}.Debug|Any CPU.Build.0 = Debug|Any CPU
		{B1CE3F08-60AD-4A02-B69E-9A37101698D3}.Release|Any CPU.ActiveCfg = Release|Any CPU
		{B1CE3F08-60AD-4A02-B69E-9A37101698D3}.Release|Any CPU.Build.0 = Release|Any CPU
	EndGlobalSection
	GlobalSection(SolutionProperties) = preSolution
		HideSolutionNode = FALSE
	EndGlobalSection
	GlobalSection(ExtensibilityGlobals) = postSolution
		SolutionGuid = {C4B30DB8-5667-4619-BD8B-D4E3C297487D}
	EndGlobalSection
EndGlobal
